
Microsoft Visual Studio Solution File, Format Version 12.00
# Visual Studio 14
VisualStudioVersion = 14.0.24720.0
MinimumVisualStudioVersion = 10.0.40219.1
Project("{FAE04EC0-301F-11D3-BF4B-00C04F79EFBC}") = "DocFingerPrinterBeta", "DocFingerPrinterBeta\DocFingerPrinterBeta.csproj", "{4DA21700-A094-4C76-92CA-13C9E2958138}"
EndProject
Project("{FAE04EC0-301F-11D3-BF4B-00C04F79EFBC}") = "DocFingerPrinterBeta.Tests", "DocFingerPrinterBeta.Tests\DocFingerPrinterBeta.Tests.csproj", "{9A1C7B69-1A71-47E3-9AF5-2B4BB500B9A2}"
EndProject
Project("{2150E333-8FDC-42A3-9474-1A3956D46DE8}") = "PublishScripts", "PublishScripts", "{F3D55382-E5FB-4398-A957-BDD3267EA8E5}"
EndProject
Project("{2150E333-8FDC-42A3-9474-1A3956D46DE8}") = "Scripts", "Scripts", "{D31BA8EB-3259-4C47-9871-B241D2AEE771}"
	ProjectSection(SolutionItems) = preProject
		PublishScripts\Scripts\Deploy-AzureResourceGroup.ps1 = PublishScripts\Scripts\Deploy-AzureResourceGroup.ps1
	EndProjectSection
EndProject
Project("{2150E333-8FDC-42A3-9474-1A3956D46DE8}") = "Templates", "Templates", "{3E47B608-5213-421D-8E66-4D5508511DBC}"
	ProjectSection(SolutionItems) = preProject
		PublishScripts\Templates\DocFingerPrinterBeta.json = PublishScripts\Templates\DocFingerPrinterBeta.json
		PublishScripts\Templates\DocFingerPrinterBeta.param.dev.json = PublishScripts\Templates\DocFingerPrinterBeta.param.dev.json
	EndProjectSection
EndProject
Project("{FAE04EC0-301F-11D3-BF4B-00C04F79EFBC}") = "UWPDocFingerPrinter", "UWPDocFingerPrinter\UWPDocFingerPrinter.csproj", "{E86B40C6-553B-466A-BD67-A9E7F369BA4E}"
EndProject
Global
	GlobalSection(SolutionConfigurationPlatforms) = preSolution
		Debug|Any CPU = Debug|Any CPU
		Debug|ARM = Debug|ARM
		Debug|x64 = Debug|x64
		Debug|x86 = Debug|x86
		Release|Any CPU = Release|Any CPU
		Release|ARM = Release|ARM
		Release|x64 = Release|x64
		Release|x86 = Release|x86
	EndGlobalSection
	GlobalSection(ProjectConfigurationPlatforms) = postSolution
		{4DA21700-A094-4C76-92CA-13C9E2958138}.Debug|Any CPU.ActiveCfg = Debug|Any CPU
		{4DA21700-A094-4C76-92CA-13C9E2958138}.Debug|Any CPU.Build.0 = Debug|Any CPU
		{4DA21700-A094-4C76-92CA-13C9E2958138}.Debug|ARM.ActiveCfg = Debug|Any CPU
		{4DA21700-A094-4C76-92CA-13C9E2958138}.Debug|ARM.Build.0 = Debug|Any CPU
		{4DA21700-A094-4C76-92CA-13C9E2958138}.Debug|x64.ActiveCfg = Debug|Any CPU
		{4DA21700-A094-4C76-92CA-13C9E2958138}.Debug|x64.Build.0 = Debug|Any CPU
		{4DA21700-A094-4C76-92CA-13C9E2958138}.Debug|x86.ActiveCfg = Debug|Any CPU
		{4DA21700-A094-4C76-92CA-13C9E2958138}.Debug|x86.Build.0 = Debug|Any CPU
		{4DA21700-A094-4C76-92CA-13C9E2958138}.Release|Any CPU.ActiveCfg = Release|Any CPU
		{4DA21700-A094-4C76-92CA-13C9E2958138}.Release|Any CPU.Build.0 = Release|Any CPU
		{4DA21700-A094-4C76-92CA-13C9E2958138}.Release|ARM.ActiveCfg = Release|Any CPU
		{4DA21700-A094-4C76-92CA-13C9E2958138}.Release|ARM.Build.0 = Release|Any CPU
		{4DA21700-A094-4C76-92CA-13C9E2958138}.Release|x64.ActiveCfg = Release|Any CPU
		{4DA21700-A094-4C76-92CA-13C9E2958138}.Release|x64.Build.0 = Release|Any CPU
		{4DA21700-A094-4C76-92CA-13C9E2958138}.Release|x86.ActiveCfg = Release|Any CPU
		{4DA21700-A094-4C76-92CA-13C9E2958138}.Release|x86.Build.0 = Release|Any CPU
		{9A1C7B69-1A71-47E3-9AF5-2B4BB500B9A2}.Debug|Any CPU.ActiveCfg = Debug|Any CPU
		{9A1C7B69-1A71-47E3-9AF5-2B4BB500B9A2}.Debug|Any CPU.Build.0 = Debug|Any CPU
		{9A1C7B69-1A71-47E3-9AF5-2B4BB500B9A2}.Debug|ARM.ActiveCfg = Debug|Any CPU
		{9A1C7B69-1A71-47E3-9AF5-2B4BB500B9A2}.Debug|ARM.Build.0 = Debug|Any CPU
		{9A1C7B69-1A71-47E3-9AF5-2B4BB500B9A2}.Debug|x64.ActiveCfg = Debug|Any CPU
		{9A1C7B69-1A71-47E3-9AF5-2B4BB500B9A2}.Debug|x64.Build.0 = Debug|Any CPU
		{9A1C7B69-1A71-47E3-9AF5-2B4BB500B9A2}.Debug|x86.ActiveCfg = Debug|Any CPU
		{9A1C7B69-1A71-47E3-9AF5-2B4BB500B9A2}.Debug|x86.Build.0 = Debug|Any CPU
		{9A1C7B69-1A71-47E3-9AF5-2B4BB500B9A2}.Release|Any CPU.ActiveCfg = Release|Any CPU
		{9A1C7B69-1A71-47E3-9AF5-2B4BB500B9A2}.Release|Any CPU.Build.0 = Release|Any CPU
		{9A1C7B69-1A71-47E3-9AF5-2B4BB500B9A2}.Release|ARM.ActiveCfg = Release|Any CPU
		{9A1C7B69-1A71-47E3-9AF5-2B4BB500B9A2}.Release|ARM.Build.0 = Release|Any CPU
		{9A1C7B69-1A71-47E3-9AF5-2B4BB500B9A2}.Release|x64.ActiveCfg = Release|Any CPU
		{9A1C7B69-1A71-47E3-9AF5-2B4BB500B9A2}.Release|x64.Build.0 = Release|Any CPU
		{9A1C7B69-1A71-47E3-9AF5-2B4BB500B9A2}.Release|x86.ActiveCfg = Release|Any CPU
		{9A1C7B69-1A71-47E3-9AF5-2B4BB500B9A2}.Release|x86.Build.0 = Release|Any CPU
		{E86B40C6-553B-466A-BD67-A9E7F369BA4E}.Debug|Any CPU.ActiveCfg = Debug|x86
		{E86B40C6-553B-466A-BD67-A9E7F369BA4E}.Debug|ARM.ActiveCfg = Debug|ARM
		{E86B40C6-553B-466A-BD67-A9E7F369BA4E}.Debug|ARM.Build.0 = Debug|ARM
		{E86B40C6-553B-466A-BD67-A9E7F369BA4E}.Debug|ARM.Deploy.0 = Debug|ARM
		{E86B40C6-553B-466A-BD67-A9E7F369BA4E}.Debug|x64.ActiveCfg = Debug|x64
		{E86B40C6-553B-466A-BD67-A9E7F369BA4E}.Debug|x64.Build.0 = Debug|x64
		{E86B40C6-553B-466A-BD67-A9E7F369BA4E}.Debug|x64.Deploy.0 = Debug|x64
		{E86B40C6-553B-466A-BD67-A9E7F369BA4E}.Debug|x86.ActiveCfg = Debug|x86
		{E86B40C6-553B-466A-BD67-A9E7F369BA4E}.Debug|x86.Build.0 = Debug|x86
		{E86B40C6-553B-466A-BD67-A9E7F369BA4E}.Debug|x86.Deploy.0 = Debug|x86
		{E86B40C6-553B-466A-BD67-A9E7F369BA4E}.Release|Any CPU.ActiveCfg = Release|x86
		{E86B40C6-553B-466A-BD67-A9E7F369BA4E}.Release|ARM.ActiveCfg = Release|ARM
		{E86B40C6-553B-466A-BD67-A9E7F369BA4E}.Release|ARM.Build.0 = Release|ARM
		{E86B40C6-553B-466A-BD67-A9E7F369BA4E}.Release|ARM.Deploy.0 = Release|ARM
		{E86B40C6-553B-466A-BD67-A9E7F369BA4E}.Release|x64.ActiveCfg = Release|x64
		{E86B40C6-553B-466A-BD67-A9E7F369BA4E}.Release|x64.Build.0 = Release|x64
		{E86B40C6-553B-466A-BD67-A9E7F369BA4E}.Release|x64.Deploy.0 = Release|x64
		{E86B40C6-553B-466A-BD67-A9E7F369BA4E}.Release|x86.ActiveCfg = Release|x86
		{E86B40C6-553B-466A-BD67-A9E7F369BA4E}.Release|x86.Build.0 = Release|x86
		{E86B40C6-553B-466A-BD67-A9E7F369BA4E}.Release|x86.Deploy.0 = Release|x86
	EndGlobalSection
	GlobalSection(SolutionProperties) = preSolution
		HideSolutionNode = FALSE
	EndGlobalSection
	GlobalSection(NestedProjects) = preSolution
		{D31BA8EB-3259-4C47-9871-B241D2AEE771} = {F3D55382-E5FB-4398-A957-BDD3267EA8E5}
		{3E47B608-5213-421D-8E66-4D5508511DBC} = {F3D55382-E5FB-4398-A957-BDD3267EA8E5}
	EndGlobalSection
EndGlobal
